
Microsoft Visual Studio Solution File, Format Version 12.00
# Visual Studio Version 16
Project("{8BC9CEB8-8B4A-11D0-8D11-00A0C91BC942}") = "HookingPatterns", "HookingPatterns.vcxproj", "{E5C30A7A-514F-783E-5A60-FB32C66AD43E}"
EndProject
Global
	GlobalSection(SolutionConfigurationPlatforms) = preSolution
		Debug|ARM = Debug|ARM
		Debug|ARM64 = Debug|ARM64
		Debug|x64 = Debug|x64
		Debug|x86a = Debug|x86a
		Release|ARM = Release|ARM
		Release|ARM64 = Release|ARM64
		Release|x64 = Release|x64
		Release|x86a = Release|x86a
	EndGlobalSection
	GlobalSection(ProjectConfigurationPlatforms) = postSolution
		{E5C30A7A-514F-783E-5A60-FB32C66AD43E}.Debug|ARM.ActiveCfg = Debug|ARM
		{E5C30A7A-514F-783E-5A60-FB32C66AD43E}.Debug|ARM.Build.0 = Debug|ARM
		{E5C30A7A-514F-783E-5A60-FB32C66AD43E}.Debug|ARM64.ActiveCfg = Debug|ARM64
		{E5C30A7A-514F-783E-5A60-FB32C66AD43E}.Debug|ARM64.Build.0 = Debug|ARM64
		{E5C30A7A-514F-783E-5A60-FB32C66AD43E}.Debug|x64.ActiveCfg = Debug|x64
		{E5C30A7A-514F-783E-5A60-FB32C66AD43E}.Debug|x64.Build.0 = Debug|x64
		{E5C30A7A-514F-783E-5A60-FB32C66AD43E}.Debug|x86a.ActiveCfg = Debug x86a|x86
		{E5C30A7A-514F-783E-5A60-FB32C66AD43E}.Debug|x86a.Build.0 = Debug x86a|x86
		{E5C30A7A-514F-783E-5A60-FB32C66AD43E}.Release|ARM.ActiveCfg = Release|ARM
		{E5C30A7A-514F-783E-5A60-FB32C66AD43E}.Release|ARM.Build.0 = Release|ARM
		{E5C30A7A-514F-783E-5A60-FB32C66AD43E}.Release|ARM64.ActiveCfg = Release|ARM64
		{E5C30A7A-514F-783E-5A60-FB32C66AD43E}.Release|ARM64.Build.0 = Release|ARM64
		{E5C30A7A-514F-783E-5A60-FB32C66AD43E}.Release|x64.ActiveCfg = Release|x64
		{E5C30A7A-514F-783E-5A60-FB32C66AD43E}.Release|x64.Build.0 = Release|x64
		{E5C30A7A-514F-783E-5A60-FB32C66AD43E}.Release|x86a.ActiveCfg = Release x86a|x86
		{E5C30A7A-514F-783E-5A60-FB32C66AD43E}.Release|x86a.Build.0 = Release x86a|x86
	EndGlobalSection
	GlobalSection(SolutionProperties) = preSolution
		HideSolutionNode = FALSE
	EndGlobalSection
EndGlobal
